// !$*UTF8*$!
{
	archiveVersion = 1;
	classes = {
	};
	objectVersion = 48;
	objects = {

/* Begin PBXBuildFile section */
		4B3283AC1F995D0A00302E3E /* AppDelegate.swift in Sources */ = {isa = PBXBuildFile; fileRef = 4B3283AB1F995D0A00302E3E /* AppDelegate.swift */; };
		4B3283AE1F995D0A00302E3E /* ViewController.swift in Sources */ = {isa = PBXBuildFile; fileRef = 4B3283AD1F995D0A00302E3E /* ViewController.swift */; };
		4B3283B11F995D0A00302E3E /* Main.storyboard in Resources */ = {isa = PBXBuildFile; fileRef = 4B3283AF1F995D0A00302E3E /* Main.storyboard */; };
		4B3283B31F995D0A00302E3E /* Assets.xcassets in Resources */ = {isa = PBXBuildFile; fileRef = 4B3283B21F995D0A00302E3E /* Assets.xcassets */; };
		4B3283B61F995D0A00302E3E /* LaunchScreen.storyboard in Resources */ = {isa = PBXBuildFile; fileRef = 4B3283B41F995D0A00302E3E /* LaunchScreen.storyboard */; };
		4B3283C11F995D0A00302E3E /* Ping_Tests.swift in Sources */ = {isa = PBXBuildFile; fileRef = 4B3283C01F995D0A00302E3E /* Ping_Tests.swift */; };
		4B3283CC1F995D0A00302E3E /* Ping_UITests.swift in Sources */ = {isa = PBXBuildFile; fileRef = 4B3283CB1F995D0A00302E3E /* Ping_UITests.swift */; };
/* End PBXBuildFile section */

/* Begin PBXContainerItemProxy section */
		4B3283BD1F995D0A00302E3E /* PBXContainerItemProxy */ = {
			isa = PBXContainerItemProxy;
			containerPortal = 4B3283A01F995D0A00302E3E /* Project object */;
			proxyType = 1;
			remoteGlobalIDString = 4B3283A71F995D0A00302E3E;
			remoteInfo = "Ping!";
		};
		4B3283C81F995D0A00302E3E /* PBXContainerItemProxy */ = {
			isa = PBXContainerItemProxy;
			containerPortal = 4B3283A01F995D0A00302E3E /* Project object */;
			proxyType = 1;
			remoteGlobalIDString = 4B3283A71F995D0A00302E3E;
			remoteInfo = "Ping!";
		};
/* End PBXContainerItemProxy section */

/* Begin PBXFileReference section */
		4B3283A81F995D0A00302E3E /* Ping!.app */ = {isa = PBXFileReference; explicitFileType = wrapper.application; includeInIndex = 0; path = "Ping!.app"; sourceTree = BUILT_PRODUCTS_DIR; };
		4B3283AB1F995D0A00302E3E /* AppDelegate.swift */ = {isa = PBXFileReference; lastKnownFileType = sourcecode.swift; path = AppDelegate.swift; sourceTree = "<group>"; };
		4B3283AD1F995D0A00302E3E /* ViewController.swift */ = {isa = PBXFileReference; lastKnownFileType = sourcecode.swift; path = ViewController.swift; sourceTree = "<group>"; };
		4B3283B01F995D0A00302E3E /* Base */ = {isa = PBXFileReference; lastKnownFileType = file.storyboard; name = Base; path = Base.lproj/Main.storyboard; sourceTree = "<group>"; };
		4B3283B21F995D0A00302E3E /* Assets.xcassets */ = {isa = PBXFileReference; lastKnownFileType = folder.assetcatalog; path = Assets.xcassets; sourceTree = "<group>"; };
		4B3283B51F995D0A00302E3E /* Base */ = {isa = PBXFileReference; lastKnownFileType = file.storyboard; name = Base; path = Base.lproj/LaunchScreen.storyboard; sourceTree = "<group>"; };
		4B3283B71F995D0A00302E3E /* Info.plist */ = {isa = PBXFileReference; lastKnownFileType = text.plist.xml; path = Info.plist; sourceTree = "<group>"; };
		4B3283BC1F995D0A00302E3E /* Ping!Tests.xctest */ = {isa = PBXFileReference; explicitFileType = wrapper.cfbundle; includeInIndex = 0; path = "Ping!Tests.xctest"; sourceTree = BUILT_PRODUCTS_DIR; };
		4B3283C01F995D0A00302E3E /* Ping_Tests.swift */ = {isa = PBXFileReference; lastKnownFileType = sourcecode.swift; path = Ping_Tests.swift; sourceTree = "<group>"; };
		4B3283C21F995D0A00302E3E /* Info.plist */ = {isa = PBXFileReference; lastKnownFileType = text.plist.xml; path = Info.plist; sourceTree = "<group>"; };
		4B3283C71F995D0A00302E3E /* Ping!UITests.xctest */ = {isa = PBXFileReference; explicitFileType = wrapper.cfbundle; includeInIndex = 0; path = "Ping!UITests.xctest"; sourceTree = BUILT_PRODUCTS_DIR; };
		4B3283CB1F995D0A00302E3E /* Ping_UITests.swift */ = {isa = PBXFileReference; lastKnownFileType = sourcecode.swift; path = Ping_UITests.swift; sourceTree = "<group>"; };
		4B3283CD1F995D0A00302E3E /* Info.plist */ = {isa = PBXFileReference; lastKnownFileType = text.plist.xml; path = Info.plist; sourceTree = "<group>"; };
/* End PBXFileReference section */

/* Begin PBXFrameworksBuildPhase section */
		4B3283A51F995D0A00302E3E /* Frameworks */ = {
			isa = PBXFrameworksBuildPhase;
			buildActionMask = 2147483647;
			files = (
			);
			runOnlyForDeploymentPostprocessing = 0;
		};
		4B3283B91F995D0A00302E3E /* Frameworks */ = {
			isa = PBXFrameworksBuildPhase;
			buildActionMask = 2147483647;
			files = (
			);
			runOnlyForDeploymentPostprocessing = 0;
		};
		4B3283C41F995D0A00302E3E /* Frameworks */ = {
			isa = PBXFrameworksBuildPhase;
			buildActionMask = 2147483647;
			files = (
			);
			runOnlyForDeploymentPostprocessing = 0;
		};
/* End PBXFrameworksBuildPhase section */

/* Begin PBXGroup section */
		4B32839F1F995D0A00302E3E = {
			isa = PBXGroup;
			children = (
				4B3283AA1F995D0A00302E3E /* Ping! */,
				4B3283BF1F995D0A00302E3E /* Ping!Tests */,
				4B3283CA1F995D0A00302E3E /* Ping!UITests */,
				4B3283A91F995D0A00302E3E /* Products */,
			);
			sourceTree = "<group>";
		};
		4B3283A91F995D0A00302E3E /* Products */ = {
			isa = PBXGroup;
			children = (
				4B3283A81F995D0A00302E3E /* Ping!.app */,
				4B3283BC1F995D0A00302E3E /* Ping!Tests.xctest */,
				4B3283C71F995D0A00302E3E /* Ping!UITests.xctest */,
			);
			name = Products;
			sourceTree = "<group>";
		};
		4B3283AA1F995D0A00302E3E /* Ping! */ = {
			isa = PBXGroup;
			children = (
				4B3283AB1F995D0A00302E3E /* AppDelegate.swift */,
				4B3283AD1F995D0A00302E3E /* ViewController.swift */,
				4B3283AF1F995D0A00302E3E /* Main.storyboard */,
				4B3283B21F995D0A00302E3E /* Assets.xcassets */,
				4B3283B41F995D0A00302E3E /* LaunchScreen.storyboard */,
				4B3283B71F995D0A00302E3E /* Info.plist */,
			);
			path = "Ping!";
			sourceTree = "<group>";
		};
		4B3283BF1F995D0A00302E3E /* Ping!Tests */ = {
			isa = PBXGroup;
			children = (
				4B3283C01F995D0A00302E3E /* Ping_Tests.swift */,
				4B3283C21F995D0A00302E3E /* Info.plist */,
			);
			path = "Ping!Tests";
			sourceTree = "<group>";
		};
		4B3283CA1F995D0A00302E3E /* Ping!UITests */ = {
			isa = PBXGroup;
			children = (
				4B3283CB1F995D0A00302E3E /* Ping_UITests.swift */,
				4B3283CD1F995D0A00302E3E /* Info.plist */,
			);
			path = "Ping!UITests";
			sourceTree = "<group>";
		};
/* End PBXGroup section */

/* Begin PBXNativeTarget section */
		4B3283A71F995D0A00302E3E /* Ping! */ = {
			isa = PBXNativeTarget;
			buildConfigurationList = 4B3283D01F995D0A00302E3E /* Build configuration list for PBXNativeTarget "Ping!" */;
			buildPhases = (
				4B3283A41F995D0A00302E3E /* Sources */,
				4B3283A51F995D0A00302E3E /* Frameworks */,
				4B3283A61F995D0A00302E3E /* Resources */,
			);
			buildRules = (
			);
			dependencies = (
			);
			name = "Ping!";
			productName = "Ping!";
			productReference = 4B3283A81F995D0A00302E3E /* Ping!.app */;
			productType = "com.apple.product-type.application";
		};
		4B3283BB1F995D0A00302E3E /* Ping!Tests */ = {
			isa = PBXNativeTarget;
			buildConfigurationList = 4B3283D31F995D0A00302E3E /* Build configuration list for PBXNativeTarget "Ping!Tests" */;
			buildPhases = (
				4B3283B81F995D0A00302E3E /* Sources */,
				4B3283B91F995D0A00302E3E /* Frameworks */,
				4B3283BA1F995D0A00302E3E /* Resources */,
			);
			buildRules = (
			);
			dependencies = (
				4B3283BE1F995D0A00302E3E /* PBXTargetDependency */,
			);
			name = "Ping!Tests";
			productName = "Ping!Tests";
			productReference = 4B3283BC1F995D0A00302E3E /* Ping!Tests.xctest */;
			productType = "com.apple.product-type.bundle.unit-test";
		};
		4B3283C61F995D0A00302E3E /* Ping!UITests */ = {
			isa = PBXNativeTarget;
			buildConfigurationList = 4B3283D61F995D0A00302E3E /* Build configuration list for PBXNativeTarget "Ping!UITests" */;
			buildPhases = (
				4B3283C31F995D0A00302E3E /* Sources */,
				4B3283C41F995D0A00302E3E /* Frameworks */,
				4B3283C51F995D0A00302E3E /* Resources */,
			);
			buildRules = (
			);
			dependencies = (
				4B3283C91F995D0A00302E3E /* PBXTargetDependency */,
			);
			name = "Ping!UITests";
			productName = "Ping!UITests";
			productReference = 4B3283C71F995D0A00302E3E /* Ping!UITests.xctest */;
			productType = "com.apple.product-type.bundle.ui-testing";
		};
/* End PBXNativeTarget section */

/* Begin PBXProject section */
		4B3283A01F995D0A00302E3E /* Project object */ = {
			isa = PBXProject;
			attributes = {
				LastSwiftUpdateCheck = 0900;
				LastUpgradeCheck = 0900;
				ORGANIZATIONNAME = "Darya T Jitmetta";
				TargetAttributes = {
					4B3283A71F995D0A00302E3E = {
						CreatedOnToolsVersion = 9.0.1;
						ProvisioningStyle = Automatic;
					};
					4B3283BB1F995D0A00302E3E = {
						CreatedOnToolsVersion = 9.0.1;
						ProvisioningStyle = Automatic;
						TestTargetID = 4B3283A71F995D0A00302E3E;
					};
					4B3283C61F995D0A00302E3E = {
						CreatedOnToolsVersion = 9.0.1;
						ProvisioningStyle = Automatic;
						TestTargetID = 4B3283A71F995D0A00302E3E;
					};
				};
			};
			buildConfigurationList = 4B3283A31F995D0A00302E3E /* Build configuration list for PBXProject "Ping!" */;
			compatibilityVersion = "Xcode 8.0";
			developmentRegion = en;
			hasScannedForEncodings = 0;
			knownRegions = (
				en,
				Base,
			);
			mainGroup = 4B32839F1F995D0A00302E3E;
			productRefGroup = 4B3283A91F995D0A00302E3E /* Products */;
			projectDirPath = "";
			projectRoot = "";
			targets = (
				4B3283A71F995D0A00302E3E /* Ping! */,
				4B3283BB1F995D0A00302E3E /* Ping!Tests */,
				4B3283C61F995D0A00302E3E /* Ping!UITests */,
			);
		};
/* End PBXProject section */

/* Begin PBXResourcesBuildPhase section */
		4B3283A61F995D0A00302E3E /* Resources */ = {
			isa = PBXResourcesBuildPhase;
			buildActionMask = 2147483647;
			files = (
				4B3283B61F995D0A00302E3E /* LaunchScreen.storyboard in Resources */,
				4B3283B31F995D0A00302E3E /* Assets.xcassets in Resources */,
				4B3283B11F995D0A00302E3E /* Main.storyboard in Resources */,
			);
			runOnlyForDeploymentPostprocessing = 0;
		};
		4B3283BA1F995D0A00302E3E /* Resources */ = {
			isa = PBXResourcesBuildPhase;
			buildActionMask = 2147483647;
			files = (
			);
			runOnlyForDeploymentPostprocessing = 0;
		};
		4B3283C51F995D0A00302E3E /* Resources */ = {
			isa = PBXResourcesBuildPhase;
			buildActionMask = 2147483647;
			files = (
			);
			runOnlyForDeploymentPostprocessing = 0;
		};
/* End PBXResourcesBuildPhase section */

/* Begin PBXSourcesBuildPhase section */
		4B3283A41F995D0A00302E3E /* Sources */ = {
			isa = PBXSourcesBuildPhase;
			buildActionMask = 2147483647;
			files = (
				4B3283AE1F995D0A00302E3E /* ViewController.swift in Sources */,
				4B3283AC1F995D0A00302E3E /* AppDelegate.swift in Sources */,
			);
			runOnlyForDeploymentPostprocessing = 0;
		};
		4B3283B81F995D0A00302E3E /* Sources */ = {
			isa = PBXSourcesBuildPhase;
			buildActionMask = 2147483647;
			files = (
				4B3283C11F995D0A00302E3E /* Ping_Tests.swift in Sources */,
			);
			runOnlyForDeploymentPostprocessing = 0;
		};
		4B3283C31F995D0A00302E3E /* Sources */ = {
			isa = PBXSourcesBuildPhase;
			buildActionMask = 2147483647;
			files = (
				4B3283CC1F995D0A00302E3E /* Ping_UITests.swift in Sources */,
			);
			runOnlyForDeploymentPostprocessing = 0;
		};
/* End PBXSourcesBuildPhase section */

/* Begin PBXTargetDependency section */
		4B3283BE1F995D0A00302E3E /* PBXTargetDependency */ = {
			isa = PBXTargetDependency;
			target = 4B3283A71F995D0A00302E3E /* Ping! */;
			targetProxy = 4B3283BD1F995D0A00302E3E /* PBXContainerItemProxy */;
		};
		4B3283C91F995D0A00302E3E /* PBXTargetDependency */ = {
			isa = PBXTargetDependency;
			target = 4B3283A71F995D0A00302E3E /* Ping! */;
			targetProxy = 4B3283C81F995D0A00302E3E /* PBXContainerItemProxy */;
		};
/* End PBXTargetDependency section */

/* Begin PBXVariantGroup section */
		4B3283AF1F995D0A00302E3E /* Main.storyboard */ = {
			isa = PBXVariantGroup;
			children = (
				4B3283B01F995D0A00302E3E /* Base */,
			);
			name = Main.storyboard;
			sourceTree = "<group>";
		};
		4B3283B41F995D0A00302E3E /* LaunchScreen.storyboard */ = {
			isa = PBXVariantGroup;
			children = (
				4B3283B51F995D0A00302E3E /* Base */,
			);
			name = LaunchScreen.storyboard;
			sourceTree = "<group>";
		};
/* End PBXVariantGroup section */

/* Begin XCBuildConfiguration section */
		4B3283CE1F995D0A00302E3E /* Debug */ = {
			isa = XCBuildConfiguration;
			buildSettings = {
				ALWAYS_SEARCH_USER_PATHS = NO;
				CLANG_ANALYZER_NONNULL = YES;
				CLANG_ANALYZER_NUMBER_OBJECT_CONVERSION = YES_AGGRESSIVE;
				CLANG_CXX_LANGUAGE_STANDARD = "gnu++14";
				CLANG_CXX_LIBRARY = "libc++";
				CLANG_ENABLE_MODULES = YES;
				CLANG_ENABLE_OBJC_ARC = YES;
				CLANG_WARN_BLOCK_CAPTURE_AUTORELEASING = YES;
				CLANG_WARN_BOOL_CONVERSION = YES;
				CLANG_WARN_COMMA = YES;
				CLANG_WARN_CONSTANT_CONVERSION = YES;
				CLANG_WARN_DIRECT_OBJC_ISA_USAGE = YES_ERROR;
				CLANG_WARN_DOCUMENTATION_COMMENTS = YES;
				CLANG_WARN_EMPTY_BODY = YES;
				CLANG_WARN_ENUM_CONVERSION = YES;
				CLANG_WARN_INFINITE_RECURSION = YES;
				CLANG_WARN_INT_CONVERSION = YES;
				CLANG_WARN_NON_LITERAL_NULL_CONVERSION = YES;
				CLANG_WARN_OBJC_LITERAL_CONVERSION = YES;
				CLANG_WARN_OBJC_ROOT_CLASS = YES_ERROR;
				CLANG_WARN_RANGE_LOOP_ANALYSIS = YES;
				CLANG_WARN_STRICT_PROTOTYPES = YES;
				CLANG_WARN_SUSPICIOUS_MOVE = YES;
				CLANG_WARN_UNGUARDED_AVAILABILITY = YES_AGGRESSIVE;
				CLANG_WARN_UNREACHABLE_CODE = YES;
				CLANG_WARN__DUPLICATE_METHOD_MATCH = YES;
				CODE_SIGN_IDENTITY = "iPhone Developer";
				COPY_PHASE_STRIP = NO;
				DEBUG_INFORMATION_FORMAT = dwarf;
				ENABLE_STRICT_OBJC_MSGSEND = YES;
				ENABLE_TESTABILITY = YES;
				GCC_C_LANGUAGE_STANDARD = gnu11;
				GCC_DYNAMIC_NO_PIC = NO;
				GCC_NO_COMMON_BLOCKS = YES;
				GCC_OPTIMIZATION_LEVEL = 0;
				GCC_PREPROCESSOR_DEFINITIONS = (
					"DEBUG=1",
					"$(inherited)",
				);
				GCC_WARN_64_TO_32_BIT_CONVERSION = YES;
				GCC_WARN_ABOUT_RETURN_TYPE = YES_ERROR;
				GCC_WARN_UNDECLARED_SELECTOR = YES;
				GCC_WARN_UNINITIALIZED_AUTOS = YES_AGGRESSIVE;
				GCC_WARN_UNUSED_FUNCTION = YES;
				GCC_WARN_UNUSED_VARIABLE = YES;
				IPHONEOS_DEPLOYMENT_TARGET = 11.0;
				MTL_ENABLE_DEBUG_INFO = YES;
				ONLY_ACTIVE_ARCH = YES;
				SDKROOT = iphoneos;
				SWIFT_ACTIVE_COMPILATION_CONDITIONS = DEBUG;
				SWIFT_OPTIMIZATION_LEVEL = "-Onone";
			};
			name = Debug;
		};
		4B3283CF1F995D0A00302E3E /* Release */ = {
			isa = XCBuildConfiguration;
			buildSettings = {
				ALWAYS_SEARCH_USER_PATHS = NO;
				CLANG_ANALYZER_NONNULL = YES;
				CLANG_ANALYZER_NUMBER_OBJECT_CONVERSION = YES_AGGRESSIVE;
				CLANG_CXX_LANGUAGE_STANDARD = "gnu++14";
				CLANG_CXX_LIBRARY = "libc++";
				CLANG_ENABLE_MODULES = YES;
				CLANG_ENABLE_OBJC_ARC = YES;
				CLANG_WARN_BLOCK_CAPTURE_AUTORELEASING = YES;
				CLANG_WARN_BOOL_CONVERSION = YES;
				CLANG_WARN_COMMA = YES;
				CLANG_WARN_CONSTANT_CONVERSION = YES;
				CLANG_WARN_DIRECT_OBJC_ISA_USAGE = YES_ERROR;
				CLANG_WARN_DOCUMENTATION_COMMENTS = YES;
				CLANG_WARN_EMPTY_BODY = YES;
				CLANG_WARN_ENUM_CONVERSION = YES;
				CLANG_WARN_INFINITE_RECURSION = YES;
				CLANG_WARN_INT_CONVERSION = YES;
				CLANG_WARN_NON_LITERAL_NULL_CONVERSION = YES;
				CLANG_WARN_OBJC_LITERAL_CONVERSION = YES;
				CLANG_WARN_OBJC_ROOT_CLASS = YES_ERROR;
				CLANG_WARN_RANGE_LOOP_ANALYSIS = YES;
				CLANG_WARN_STRICT_PROTOTYPES = YES;
				CLANG_WARN_SUSPICIOUS_MOVE = YES;
				CLANG_WARN_UNGUARDED_AVAILABILITY = YES_AGGRESSIVE;
				CLANG_WARN_UNREACHABLE_CODE = YES;
				CLANG_WARN__DUPLICATE_METHOD_MATCH = YES;
				CODE_SIGN_IDENTITY = "iPhone Developer";
				COPY_PHASE_STRIP = NO;
				DEBUG_INFORMATION_FORMAT = "dwarf-with-dsym";
				ENABLE_NS_ASSERTIONS = NO;
				ENABLE_STRICT_OBJC_MSGSEND = YES;
				GCC_C_LANGUAGE_STANDARD = gnu11;
				GCC_NO_COMMON_BLOCKS = YES;
				GCC_WARN_64_TO_32_BIT_CONVERSION = YES;
				GCC_WARN_ABOUT_RETURN_TYPE = YES_ERROR;
				GCC_WARN_UNDECLARED_SELECTOR = YES;
				GCC_WARN_UNINITIALIZED_AUTOS = YES_AGGRESSIVE;
				GCC_WARN_UNUSED_FUNCTION = YES;
				GCC_WARN_UNUSED_VARIABLE = YES;
				IPHONEOS_DEPLOYMENT_TARGET = 11.0;
				MTL_ENABLE_DEBUG_INFO = NO;
				SDKROOT = iphoneos;
				SWIFT_OPTIMIZATION_LEVEL = "-Owholemodule";
				VALIDATE_PRODUCT = YES;
			};
			name = Release;
		};
		4B3283D11F995D0A00302E3E /* Debug */ = {
			isa = XCBuildConfiguration;
			buildSettings = {
				ASSETCATALOG_COMPILER_APPICON_NAME = AppIcon;
				CODE_SIGN_STYLE = Automatic;
				INFOPLIST_FILE = "Ping!/Info.plist";
				LD_RUNPATH_SEARCH_PATHS = "$(inherited) @executable_path/Frameworks";
				PRODUCT_BUNDLE_IDENTIFIER = "pinglocation.Ping-";
				PRODUCT_NAME = "$(TARGET_NAME)";
				SWIFT_VERSION = 4.0;
				TARGETED_DEVICE_FAMILY = "1,2";
			};
			name = Debug;
		};
		4B3283D21F995D0A00302E3E /* Release */ = {
			isa = XCBuildConfiguration;
			buildSettings = {
				ASSETCATALOG_COMPILER_APPICON_NAME = AppIcon;
				CODE_SIGN_STYLE = Automatic;
				INFOPLIST_FILE = "Ping!/Info.plist";
				LD_RUNPATH_SEARCH_PATHS = "$(inherited) @executable_path/Frameworks";
				PRODUCT_BUNDLE_IDENTIFIER = "pinglocation.Ping-";
				PRODUCT_NAME = "$(TARGET_NAME)";
				SWIFT_VERSION = 4.0;
				TARGETED_DEVICE_FAMILY = "1,2";
			};
			name = Release;
		};
		4B3283D41F995D0A00302E3E /* Debug */ = {
			isa = XCBuildConfiguration;
			buildSettings = {
				ALWAYS_EMBED_SWIFT_STANDARD_LIBRARIES = YES;
				BUNDLE_LOADER = "$(TEST_HOST)";
				CODE_SIGN_STYLE = Automatic;
				INFOPLIST_FILE = "Ping!Tests/Info.plist";
				LD_RUNPATH_SEARCH_PATHS = "$(inherited) @executable_path/Frameworks @loader_path/Frameworks";
				PRODUCT_BUNDLE_IDENTIFIER = "pinglocation.Ping-Tests";
				PRODUCT_NAME = "$(TARGET_NAME)";
				SWIFT_VERSION = 4.0;
				TARGETED_DEVICE_FAMILY = "1,2";
				TEST_HOST = "$(BUILT_PRODUCTS_DIR)/Ping!.app/Ping!";
			};
			name = Debug;
		};
		4B3283D51F995D0A00302E3E /* Release */ = {
			isa = XCBuildConfiguration;
			buildSettings = {
				ALWAYS_EMBED_SWIFT_STANDARD_LIBRARIES = YES;
				BUNDLE_LOADER = "$(TEST_HOST)";
				CODE_SIGN_STYLE = Automatic;
				INFOPLIST_FILE = "Ping!Tests/Info.plist";
				LD_RUNPATH_SEARCH_PATHS = "$(inherited) @executable_path/Frameworks @loader_path/Frameworks";
				PRODUCT_BUNDLE_IDENTIFIER = "pinglocation.Ping-Tests";
				PRODUCT_NAME = "$(TARGET_NAME)";
				SWIFT_VERSION = 4.0;
				TARGETED_DEVICE_FAMILY = "1,2";
				TEST_HOST = "$(BUILT_PRODUCTS_DIR)/Ping!.app/Ping!";
			};
			name = Release;
		};
		4B3283D71F995D0A00302E3E /* Debug */ = {
			isa = XCBuildConfiguration;
			buildSettings = {
				ALWAYS_EMBED_SWIFT_STANDARD_LIBRARIES = YES;
				CODE_SIGN_STYLE = Automatic;
				INFOPLIST_FILE = "Ping!UITests/Info.plist";
				LD_RUNPATH_SEARCH_PATHS = "$(inherited) @executable_path/Frameworks @loader_path/Frameworks";
				PRODUCT_BUNDLE_IDENTIFIER = "pinglocation.Ping-UITests";
				PRODUCT_NAME = "$(TARGET_NAME)";
				SWIFT_VERSION = 4.0;
				TARGETED_DEVICE_FAMILY = "1,2";
				TEST_TARGET_NAME = "Ping!";
			};
			name = Debug;
		};
		4B3283D81F995D0A00302E3E /* Release */ = {
			isa = XCBuildConfiguration;
			buildSettings = {
				ALWAYS_EMBED_SWIFT_STANDARD_LIBRARIES = YES;
				CODE_SIGN_STYLE = Automatic;
				INFOPLIST_FILE = "Ping!UITests/Info.plist";
				LD_RUNPATH_SEARCH_PATHS = "$(inherited) @executable_path/Frameworks @loader_path/Frameworks";
				PRODUCT_BUNDLE_IDENTIFIER = "pinglocation.Ping-UITests";
				PRODUCT_NAME = "$(TARGET_NAME)";
				SWIFT_VERSION = 4.0;
				TARGETED_DEVICE_FAMILY = "1,2";
				TEST_TARGET_NAME = "Ping!";
			};
			name = Release;
		};
/* End XCBuildConfiguration section */

/* Begin XCConfigurationList section */
		4B3283A31F995D0A00302E3E /* Build configuration list for PBXProject "Ping!" */ = {
			isa = XCConfigurationList;
			buildConfigurations = (
				4B3283CE1F995D0A00302E3E /* Debug */,
				4B3283CF1F995D0A00302E3E /* Release */,
			);
			defaultConfigurationIsVisible = 0;
			defaultConfigurationName = Release;
		};
		4B3283D01F995D0A00302E3E /* Build configuration list for PBXNativeTarget "Ping!" */ = {
			isa = XCConfigurationList;
			buildConfigurations = (
				4B3283D11F995D0A00302E3E /* Debug */,
				4B3283D21F995D0A00302E3E /* Release */,
			);
			defaultConfigurationIsVisible = 0;
			defaultConfigurationName = Release;
		};
		4B3283D31F995D0A00302E3E /* Build configuration list for PBXNativeTarget "Ping!Tests" */ = {
			isa = XCConfigurationList;
			buildConfigurations = (
				4B3283D41F995D0A00302E3E /* Debug */,
				4B3283D51F995D0A00302E3E /* Release */,
			);
			defaultConfigurationIsVisible = 0;
			defaultConfigurationName = Release;
		};
		4B3283D61F995D0A00302E3E /* Build configuration list for PBXNativeTarget "Ping!UITests" */ = {
			isa = XCConfigurationList;
			buildConfigurations = (
				4B3283D71F995D0A00302E3E /* Debug */,
				4B3283D81F995D0A00302E3E /* Release */,
			);
			defaultConfigurationIsVisible = 0;
			defaultConfigurationName = Release;
		};
/* End XCConfigurationList section */
	};
	rootObject = 4B3283A01F995D0A00302E3E /* Project object */;
}
