PODS:
  - OneSignal (2.5.6)
  - SideMenu (3.1.5)

DEPENDENCIES:
  - OneSignal (< 3.0, >= 2.5.2)
  - SideMenu

SPEC CHECKSUMS:
  OneSignal: 9ec286d9156b86b3975f45d928e70f46c74ef4b7
  SideMenu: 47dbf9e4d878062d8994aed43f6e4bf6c1fea30b

PODFILE CHECKSUM: 52da5043e2b77de10392b48f04fb6d785704def6

COCOAPODS: 1.4.0
