// !$*UTF8*$!
{
	archiveVersion = 1;
	classes = {
	};
	objectVersion = 48;
	objects = {

/* Begin PBXBuildFile section */
		4B5F62121F9952C600D82809 /* AppDelegate.swift in Sources */ = {isa = PBXBuildFile; fileRef = 4B5F62111F9952C600D82809 /* AppDelegate.swift */; };
		4B5F62141F9952C600D82809 /* ViewController.swift in Sources */ = {isa = PBXBuildFile; fileRef = 4B5F62131F9952C600D82809 /* ViewController.swift */; };
		4B5F62171F9952C600D82809 /* Main.storyboard in Resources */ = {isa = PBXBuildFile; fileRef = 4B5F62151F9952C600D82809 /* Main.storyboard */; };
		4B5F62191F9952C600D82809 /* Assets.xcassets in Resources */ = {isa = PBXBuildFile; fileRef = 4B5F62181F9952C600D82809 /* Assets.xcassets */; };
		4B5F621C1F9952C600D82809 /* LaunchScreen.storyboard in Resources */ = {isa = PBXBuildFile; fileRef = 4B5F621A1F9952C600D82809 /* LaunchScreen.storyboard */; };
		4B5F62271F9952C600D82809 /* CurrentLocationTests.swift in Sources */ = {isa = PBXBuildFile; fileRef = 4B5F62261F9952C600D82809 /* CurrentLocationTests.swift */; };
		4B5F62321F9952C600D82809 /* CurrentLocationUITests.swift in Sources */ = {isa = PBXBuildFile; fileRef = 4B5F62311F9952C600D82809 /* CurrentLocationUITests.swift */; };
		4B5F62411F99533800D82809 /* MapKit.framework in Frameworks */ = {isa = PBXBuildFile; fileRef = 4B5F62401F99533800D82809 /* MapKit.framework */; };
/* End PBXBuildFile section */

/* Begin PBXContainerItemProxy section */
		4B5F62231F9952C600D82809 /* PBXContainerItemProxy */ = {
			isa = PBXContainerItemProxy;
			containerPortal = 4B5F62061F9952C600D82809 /* Project object */;
			proxyType = 1;
			remoteGlobalIDString = 4B5F620D1F9952C600D82809;
			remoteInfo = CurrentLocation;
		};
		4B5F622E1F9952C600D82809 /* PBXContainerItemProxy */ = {
			isa = PBXContainerItemProxy;
			containerPortal = 4B5F62061F9952C600D82809 /* Project object */;
			proxyType = 1;
			remoteGlobalIDString = 4B5F620D1F9952C600D82809;
			remoteInfo = CurrentLocation;
		};
/* End PBXContainerItemProxy section */

/* Begin PBXFileReference section */
		4B5F620E1F9952C600D82809 /* CurrentLocation.app */ = {isa = PBXFileReference; explicitFileType = wrapper.application; includeInIndex = 0; path = CurrentLocation.app; sourceTree = BUILT_PRODUCTS_DIR; };
		4B5F62111F9952C600D82809 /* AppDelegate.swift */ = {isa = PBXFileReference; lastKnownFileType = sourcecode.swift; path = AppDelegate.swift; sourceTree = "<group>"; };
		4B5F62131F9952C600D82809 /* ViewController.swift */ = {isa = PBXFileReference; lastKnownFileType = sourcecode.swift; path = ViewController.swift; sourceTree = "<group>"; };
		4B5F62161F9952C600D82809 /* Base */ = {isa = PBXFileReference; lastKnownFileType = file.storyboard; name = Base; path = Base.lproj/Main.storyboard; sourceTree = "<group>"; };
		4B5F62181F9952C600D82809 /* Assets.xcassets */ = {isa = PBXFileReference; lastKnownFileType = folder.assetcatalog; path = Assets.xcassets; sourceTree = "<group>"; };
		4B5F621B1F9952C600D82809 /* Base */ = {isa = PBXFileReference; lastKnownFileType = file.storyboard; name = Base; path = Base.lproj/LaunchScreen.storyboard; sourceTree = "<group>"; };
		4B5F621D1F9952C600D82809 /* Info.plist */ = {isa = PBXFileReference; lastKnownFileType = text.plist.xml; path = Info.plist; sourceTree = "<group>"; };
		4B5F62221F9952C600D82809 /* CurrentLocationTests.xctest */ = {isa = PBXFileReference; explicitFileType = wrapper.cfbundle; includeInIndex = 0; path = CurrentLocationTests.xctest; sourceTree = BUILT_PRODUCTS_DIR; };
		4B5F62261F9952C600D82809 /* CurrentLocationTests.swift */ = {isa = PBXFileReference; lastKnownFileType = sourcecode.swift; path = CurrentLocationTests.swift; sourceTree = "<group>"; };
		4B5F62281F9952C600D82809 /* Info.plist */ = {isa = PBXFileReference; lastKnownFileType = text.plist.xml; path = Info.plist; sourceTree = "<group>"; };
		4B5F622D1F9952C600D82809 /* CurrentLocationUITests.xctest */ = {isa = PBXFileReference; explicitFileType = wrapper.cfbundle; includeInIndex = 0; path = CurrentLocationUITests.xctest; sourceTree = BUILT_PRODUCTS_DIR; };
		4B5F62311F9952C600D82809 /* CurrentLocationUITests.swift */ = {isa = PBXFileReference; lastKnownFileType = sourcecode.swift; path = CurrentLocationUITests.swift; sourceTree = "<group>"; };
		4B5F62331F9952C600D82809 /* Info.plist */ = {isa = PBXFileReference; lastKnownFileType = text.plist.xml; path = Info.plist; sourceTree = "<group>"; };
		4B5F62401F99533800D82809 /* MapKit.framework */ = {isa = PBXFileReference; lastKnownFileType = wrapper.framework; name = MapKit.framework; path = System/Library/Frameworks/MapKit.framework; sourceTree = SDKROOT; };
		4B5F62421F99536600D82809 /* CoreLocation.framework */ = {isa = PBXFileReference; lastKnownFileType = wrapper.framework; name = CoreLocation.framework; path = System/Library/Frameworks/CoreLocation.framework; sourceTree = SDKROOT; };
/* End PBXFileReference section */

/* Begin PBXFrameworksBuildPhase section */
		4B5F620B1F9952C600D82809 /* Frameworks */ = {
			isa = PBXFrameworksBuildPhase;
			buildActionMask = 2147483647;
			files = (
				4B5F62411F99533800D82809 /* MapKit.framework in Frameworks */,
			);
			runOnlyForDeploymentPostprocessing = 0;
		};
		4B5F621F1F9952C600D82809 /* Frameworks */ = {
			isa = PBXFrameworksBuildPhase;
			buildActionMask = 2147483647;
			files = (
			);
			runOnlyForDeploymentPostprocessing = 0;
		};
		4B5F622A1F9952C600D82809 /* Frameworks */ = {
			isa = PBXFrameworksBuildPhase;
			buildActionMask = 2147483647;
			files = (
			);
			runOnlyForDeploymentPostprocessing = 0;
		};
/* End PBXFrameworksBuildPhase section */

/* Begin PBXGroup section */
		4B5F62051F9952C600D82809 = {
			isa = PBXGroup;
			children = (
				4B5F62101F9952C600D82809 /* CurrentLocation */,
				4B5F62251F9952C600D82809 /* CurrentLocationTests */,
				4B5F62301F9952C600D82809 /* CurrentLocationUITests */,
				4B5F620F1F9952C600D82809 /* Products */,
				4B5F623F1F99533800D82809 /* Frameworks */,
			);
			sourceTree = "<group>";
		};
		4B5F620F1F9952C600D82809 /* Products */ = {
			isa = PBXGroup;
			children = (
				4B5F620E1F9952C600D82809 /* CurrentLocation.app */,
				4B5F62221F9952C600D82809 /* CurrentLocationTests.xctest */,
				4B5F622D1F9952C600D82809 /* CurrentLocationUITests.xctest */,
			);
			name = Products;
			sourceTree = "<group>";
		};
		4B5F62101F9952C600D82809 /* CurrentLocation */ = {
			isa = PBXGroup;
			children = (
				4B5F62111F9952C600D82809 /* AppDelegate.swift */,
				4B5F62131F9952C600D82809 /* ViewController.swift */,
				4B5F62151F9952C600D82809 /* Main.storyboard */,
				4B5F62181F9952C600D82809 /* Assets.xcassets */,
				4B5F621A1F9952C600D82809 /* LaunchScreen.storyboard */,
				4B5F621D1F9952C600D82809 /* Info.plist */,
			);
			path = CurrentLocation;
			sourceTree = "<group>";
		};
		4B5F62251F9952C600D82809 /* CurrentLocationTests */ = {
			isa = PBXGroup;
			children = (
				4B5F62261F9952C600D82809 /* CurrentLocationTests.swift */,
				4B5F62281F9952C600D82809 /* Info.plist */,
			);
			path = CurrentLocationTests;
			sourceTree = "<group>";
		};
		4B5F62301F9952C600D82809 /* CurrentLocationUITests */ = {
			isa = PBXGroup;
			children = (
				4B5F62311F9952C600D82809 /* CurrentLocationUITests.swift */,
				4B5F62331F9952C600D82809 /* Info.plist */,
			);
			path = CurrentLocationUITests;
			sourceTree = "<group>";
		};
		4B5F623F1F99533800D82809 /* Frameworks */ = {
			isa = PBXGroup;
			children = (
				4B5F62421F99536600D82809 /* CoreLocation.framework */,
				4B5F62401F99533800D82809 /* MapKit.framework */,
			);
			name = Frameworks;
			sourceTree = "<group>";
		};
/* End PBXGroup section */

/* Begin PBXNativeTarget section */
		4B5F620D1F9952C600D82809 /* CurrentLocation */ = {
			isa = PBXNativeTarget;
			buildConfigurationList = 4B5F62361F9952C600D82809 /* Build configuration list for PBXNativeTarget "CurrentLocation" */;
			buildPhases = (
				4B5F620A1F9952C600D82809 /* Sources */,
				4B5F620B1F9952C600D82809 /* Frameworks */,
				4B5F620C1F9952C600D82809 /* Resources */,
			);
			buildRules = (
			);
			dependencies = (
			);
			name = CurrentLocation;
			productName = CurrentLocation;
			productReference = 4B5F620E1F9952C600D82809 /* CurrentLocation.app */;
			productType = "com.apple.product-type.application";
		};
		4B5F62211F9952C600D82809 /* CurrentLocationTests */ = {
			isa = PBXNativeTarget;
			buildConfigurationList = 4B5F62391F9952C600D82809 /* Build configuration list for PBXNativeTarget "CurrentLocationTests" */;
			buildPhases = (
				4B5F621E1F9952C600D82809 /* Sources */,
				4B5F621F1F9952C600D82809 /* Frameworks */,
				4B5F62201F9952C600D82809 /* Resources */,
			);
			buildRules = (
			);
			dependencies = (
				4B5F62241F9952C600D82809 /* PBXTargetDependency */,
			);
			name = CurrentLocationTests;
			productName = CurrentLocationTests;
			productReference = 4B5F62221F9952C600D82809 /* CurrentLocationTests.xctest */;
			productType = "com.apple.product-type.bundle.unit-test";
		};
		4B5F622C1F9952C600D82809 /* CurrentLocationUITests */ = {
			isa = PBXNativeTarget;
			buildConfigurationList = 4B5F623C1F9952C600D82809 /* Build configuration list for PBXNativeTarget "CurrentLocationUITests" */;
			buildPhases = (
				4B5F62291F9952C600D82809 /* Sources */,
				4B5F622A1F9952C600D82809 /* Frameworks */,
				4B5F622B1F9952C600D82809 /* Resources */,
			);
			buildRules = (
			);
			dependencies = (
				4B5F622F1F9952C600D82809 /* PBXTargetDependency */,
			);
			name = CurrentLocationUITests;
			productName = CurrentLocationUITests;
			productReference = 4B5F622D1F9952C600D82809 /* CurrentLocationUITests.xctest */;
			productType = "com.apple.product-type.bundle.ui-testing";
		};
/* End PBXNativeTarget section */

/* Begin PBXProject section */
		4B5F62061F9952C600D82809 /* Project object */ = {
			isa = PBXProject;
			attributes = {
				LastSwiftUpdateCheck = 0900;
				LastUpgradeCheck = 0900;
				ORGANIZATIONNAME = "Darya T Jitmetta";
				TargetAttributes = {
					4B5F620D1F9952C600D82809 = {
						CreatedOnToolsVersion = 9.0.1;
						ProvisioningStyle = Automatic;
						SystemCapabilities = {
							com.apple.Maps.iOS = {
								enabled = 1;
							};
						};
					};
					4B5F62211F9952C600D82809 = {
						CreatedOnToolsVersion = 9.0.1;
						ProvisioningStyle = Automatic;
						TestTargetID = 4B5F620D1F9952C600D82809;
					};
					4B5F622C1F9952C600D82809 = {
						CreatedOnToolsVersion = 9.0.1;
						ProvisioningStyle = Automatic;
						TestTargetID = 4B5F620D1F9952C600D82809;
					};
				};
			};
			buildConfigurationList = 4B5F62091F9952C600D82809 /* Build configuration list for PBXProject "CurrentLocation" */;
			compatibilityVersion = "Xcode 8.0";
			developmentRegion = en;
			hasScannedForEncodings = 0;
			knownRegions = (
				en,
				Base,
			);
			mainGroup = 4B5F62051F9952C600D82809;
			productRefGroup = 4B5F620F1F9952C600D82809 /* Products */;
			projectDirPath = "";
			projectRoot = "";
			targets = (
				4B5F620D1F9952C600D82809 /* CurrentLocation */,
				4B5F62211F9952C600D82809 /* CurrentLocationTests */,
				4B5F622C1F9952C600D82809 /* CurrentLocationUITests */,
			);
		};
/* End PBXProject section */

/* Begin PBXResourcesBuildPhase section */
		4B5F620C1F9952C600D82809 /* Resources */ = {
			isa = PBXResourcesBuildPhase;
			buildActionMask = 2147483647;
			files = (
				4B5F621C1F9952C600D82809 /* LaunchScreen.storyboard in Resources */,
				4B5F62191F9952C600D82809 /* Assets.xcassets in Resources */,
				4B5F62171F9952C600D82809 /* Main.storyboard in Resources */,
			);
			runOnlyForDeploymentPostprocessing = 0;
		};
		4B5F62201F9952C600D82809 /* Resources */ = {
			isa = PBXResourcesBuildPhase;
			buildActionMask = 2147483647;
			files = (
			);
			runOnlyForDeploymentPostprocessing = 0;
		};
		4B5F622B1F9952C600D82809 /* Resources */ = {
			isa = PBXResourcesBuildPhase;
			buildActionMask = 2147483647;
			files = (
			);
			runOnlyForDeploymentPostprocessing = 0;
		};
/* End PBXResourcesBuildPhase section */

/* Begin PBXSourcesBuildPhase section */
		4B5F620A1F9952C600D82809 /* Sources */ = {
			isa = PBXSourcesBuildPhase;
			buildActionMask = 2147483647;
			files = (
				4B5F62141F9952C600D82809 /* ViewController.swift in Sources */,
				4B5F62121F9952C600D82809 /* AppDelegate.swift in Sources */,
			);
			runOnlyForDeploymentPostprocessing = 0;
		};
		4B5F621E1F9952C600D82809 /* Sources */ = {
			isa = PBXSourcesBuildPhase;
			buildActionMask = 2147483647;
			files = (
				4B5F62271F9952C600D82809 /* CurrentLocationTests.swift in Sources */,
			);
			runOnlyForDeploymentPostprocessing = 0;
		};
		4B5F62291F9952C600D82809 /* Sources */ = {
			isa = PBXSourcesBuildPhase;
			buildActionMask = 2147483647;
			files = (
				4B5F62321F9952C600D82809 /* CurrentLocationUITests.swift in Sources */,
			);
			runOnlyForDeploymentPostprocessing = 0;
		};
/* End PBXSourcesBuildPhase section */

/* Begin PBXTargetDependency section */
		4B5F62241F9952C600D82809 /* PBXTargetDependency */ = {
			isa = PBXTargetDependency;
			target = 4B5F620D1F9952C600D82809 /* CurrentLocation */;
			targetProxy = 4B5F62231F9952C600D82809 /* PBXContainerItemProxy */;
		};
		4B5F622F1F9952C600D82809 /* PBXTargetDependency */ = {
			isa = PBXTargetDependency;
			target = 4B5F620D1F9952C600D82809 /* CurrentLocation */;
			targetProxy = 4B5F622E1F9952C600D82809 /* PBXContainerItemProxy */;
		};
/* End PBXTargetDependency section */

/* Begin PBXVariantGroup section */
		4B5F62151F9952C600D82809 /* Main.storyboard */ = {
			isa = PBXVariantGroup;
			children = (
				4B5F62161F9952C600D82809 /* Base */,
			);
			name = Main.storyboard;
			sourceTree = "<group>";
		};
		4B5F621A1F9952C600D82809 /* LaunchScreen.storyboard */ = {
			isa = PBXVariantGroup;
			children = (
				4B5F621B1F9952C600D82809 /* Base */,
			);
			name = LaunchScreen.storyboard;
			sourceTree = "<group>";
		};
/* End PBXVariantGroup section */

/* Begin XCBuildConfiguration section */
		4B5F62341F9952C600D82809 /* Debug */ = {
			isa = XCBuildConfiguration;
			buildSettings = {
				ALWAYS_SEARCH_USER_PATHS = NO;
				CLANG_ANALYZER_NONNULL = YES;
				CLANG_ANALYZER_NUMBER_OBJECT_CONVERSION = YES_AGGRESSIVE;
				CLANG_CXX_LANGUAGE_STANDARD = "gnu++14";
				CLANG_CXX_LIBRARY = "libc++";
				CLANG_ENABLE_MODULES = YES;
				CLANG_ENABLE_OBJC_ARC = YES;
				CLANG_WARN_BLOCK_CAPTURE_AUTORELEASING = YES;
				CLANG_WARN_BOOL_CONVERSION = YES;
				CLANG_WARN_COMMA = YES;
				CLANG_WARN_CONSTANT_CONVERSION = YES;
				CLANG_WARN_DIRECT_OBJC_ISA_USAGE = YES_ERROR;
				CLANG_WARN_DOCUMENTATION_COMMENTS = YES;
				CLANG_WARN_EMPTY_BODY = YES;
				CLANG_WARN_ENUM_CONVERSION = YES;
				CLANG_WARN_INFINITE_RECURSION = YES;
				CLANG_WARN_INT_CONVERSION = YES;
				CLANG_WARN_NON_LITERAL_NULL_CONVERSION = YES;
				CLANG_WARN_OBJC_LITERAL_CONVERSION = YES;
				CLANG_WARN_OBJC_ROOT_CLASS = YES_ERROR;
				CLANG_WARN_RANGE_LOOP_ANALYSIS = YES;
				CLANG_WARN_STRICT_PROTOTYPES = YES;
				CLANG_WARN_SUSPICIOUS_MOVE = YES;
				CLANG_WARN_UNGUARDED_AVAILABILITY = YES_AGGRESSIVE;
				CLANG_WARN_UNREACHABLE_CODE = YES;
				CLANG_WARN__DUPLICATE_METHOD_MATCH = YES;
				CODE_SIGN_IDENTITY = "iPhone Developer";
				COPY_PHASE_STRIP = NO;
				DEBUG_INFORMATION_FORMAT = dwarf;
				ENABLE_STRICT_OBJC_MSGSEND = YES;
				ENABLE_TESTABILITY = YES;
				GCC_C_LANGUAGE_STANDARD = gnu11;
				GCC_DYNAMIC_NO_PIC = NO;
				GCC_NO_COMMON_BLOCKS = YES;
				GCC_OPTIMIZATION_LEVEL = 0;
				GCC_PREPROCESSOR_DEFINITIONS = (
					"DEBUG=1",
					"$(inherited)",
				);
				GCC_WARN_64_TO_32_BIT_CONVERSION = YES;
				GCC_WARN_ABOUT_RETURN_TYPE = YES_ERROR;
				GCC_WARN_UNDECLARED_SELECTOR = YES;
				GCC_WARN_UNINITIALIZED_AUTOS = YES_AGGRESSIVE;
				GCC_WARN_UNUSED_FUNCTION = YES;
				GCC_WARN_UNUSED_VARIABLE = YES;
				IPHONEOS_DEPLOYMENT_TARGET = 11.0;
				MTL_ENABLE_DEBUG_INFO = YES;
				ONLY_ACTIVE_ARCH = YES;
				SDKROOT = iphoneos;
				SWIFT_ACTIVE_COMPILATION_CONDITIONS = DEBUG;
				SWIFT_OPTIMIZATION_LEVEL = "-Onone";
			};
			name = Debug;
		};
		4B5F62351F9952C600D82809 /* Release */ = {
			isa = XCBuildConfiguration;
			buildSettings = {
				ALWAYS_SEARCH_USER_PATHS = NO;
				CLANG_ANALYZER_NONNULL = YES;
				CLANG_ANALYZER_NUMBER_OBJECT_CONVERSION = YES_AGGRESSIVE;
				CLANG_CXX_LANGUAGE_STANDARD = "gnu++14";
				CLANG_CXX_LIBRARY = "libc++";
				CLANG_ENABLE_MODULES = YES;
				CLANG_ENABLE_OBJC_ARC = YES;
				CLANG_WARN_BLOCK_CAPTURE_AUTORELEASING = YES;
				CLANG_WARN_BOOL_CONVERSION = YES;
				CLANG_WARN_COMMA = YES;
				CLANG_WARN_CONSTANT_CONVERSION = YES;
				CLANG_WARN_DIRECT_OBJC_ISA_USAGE = YES_ERROR;
				CLANG_WARN_DOCUMENTATION_COMMENTS = YES;
				CLANG_WARN_EMPTY_BODY = YES;
				CLANG_WARN_ENUM_CONVERSION = YES;
				CLANG_WARN_INFINITE_RECURSION = YES;
				CLANG_WARN_INT_CONVERSION = YES;
				CLANG_WARN_NON_LITERAL_NULL_CONVERSION = YES;
				CLANG_WARN_OBJC_LITERAL_CONVERSION = YES;
				CLANG_WARN_OBJC_ROOT_CLASS = YES_ERROR;
				CLANG_WARN_RANGE_LOOP_ANALYSIS = YES;
				CLANG_WARN_STRICT_PROTOTYPES = YES;
				CLANG_WARN_SUSPICIOUS_MOVE = YES;
				CLANG_WARN_UNGUARDED_AVAILABILITY = YES_AGGRESSIVE;
				CLANG_WARN_UNREACHABLE_CODE = YES;
				CLANG_WARN__DUPLICATE_METHOD_MATCH = YES;
				CODE_SIGN_IDENTITY = "iPhone Developer";
				COPY_PHASE_STRIP = NO;
				DEBUG_INFORMATION_FORMAT = "dwarf-with-dsym";
				ENABLE_NS_ASSERTIONS = NO;
				ENABLE_STRICT_OBJC_MSGSEND = YES;
				GCC_C_LANGUAGE_STANDARD = gnu11;
				GCC_NO_COMMON_BLOCKS = YES;
				GCC_WARN_64_TO_32_BIT_CONVERSION = YES;
				GCC_WARN_ABOUT_RETURN_TYPE = YES_ERROR;
				GCC_WARN_UNDECLARED_SELECTOR = YES;
				GCC_WARN_UNINITIALIZED_AUTOS = YES_AGGRESSIVE;
				GCC_WARN_UNUSED_FUNCTION = YES;
				GCC_WARN_UNUSED_VARIABLE = YES;
				IPHONEOS_DEPLOYMENT_TARGET = 11.0;
				MTL_ENABLE_DEBUG_INFO = NO;
				SDKROOT = iphoneos;
				SWIFT_OPTIMIZATION_LEVEL = "-Owholemodule";
				VALIDATE_PRODUCT = YES;
			};
			name = Release;
		};
		4B5F62371F9952C600D82809 /* Debug */ = {
			isa = XCBuildConfiguration;
			buildSettings = {
				ASSETCATALOG_COMPILER_APPICON_NAME = AppIcon;
				CODE_SIGN_STYLE = Automatic;
				INFOPLIST_FILE = CurrentLocation/Info.plist;
				LD_RUNPATH_SEARCH_PATHS = "$(inherited) @executable_path/Frameworks";
				PRODUCT_BUNDLE_IDENTIFIER = pinglocation.CurrentLocation;
				PRODUCT_NAME = "$(TARGET_NAME)";
				SWIFT_VERSION = 4.0;
				TARGETED_DEVICE_FAMILY = "1,2";
			};
			name = Debug;
		};
		4B5F62381F9952C600D82809 /* Release */ = {
			isa = XCBuildConfiguration;
			buildSettings = {
				ASSETCATALOG_COMPILER_APPICON_NAME = AppIcon;
				CODE_SIGN_STYLE = Automatic;
				INFOPLIST_FILE = CurrentLocation/Info.plist;
				LD_RUNPATH_SEARCH_PATHS = "$(inherited) @executable_path/Frameworks";
				PRODUCT_BUNDLE_IDENTIFIER = pinglocation.CurrentLocation;
				PRODUCT_NAME = "$(TARGET_NAME)";
				SWIFT_VERSION = 4.0;
				TARGETED_DEVICE_FAMILY = "1,2";
			};
			name = Release;
		};
		4B5F623A1F9952C600D82809 /* Debug */ = {
			isa = XCBuildConfiguration;
			buildSettings = {
				ALWAYS_EMBED_SWIFT_STANDARD_LIBRARIES = YES;
				BUNDLE_LOADER = "$(TEST_HOST)";
				CODE_SIGN_STYLE = Automatic;
				INFOPLIST_FILE = CurrentLocationTests/Info.plist;
				LD_RUNPATH_SEARCH_PATHS = "$(inherited) @executable_path/Frameworks @loader_path/Frameworks";
				PRODUCT_BUNDLE_IDENTIFIER = pinglocation.CurrentLocationTests;
				PRODUCT_NAME = "$(TARGET_NAME)";
				SWIFT_VERSION = 4.0;
				TARGETED_DEVICE_FAMILY = "1,2";
				TEST_HOST = "$(BUILT_PRODUCTS_DIR)/CurrentLocation.app/CurrentLocation";
			};
			name = Debug;
		};
		4B5F623B1F9952C600D82809 /* Release */ = {
			isa = XCBuildConfiguration;
			buildSettings = {
				ALWAYS_EMBED_SWIFT_STANDARD_LIBRARIES = YES;
				BUNDLE_LOADER = "$(TEST_HOST)";
				CODE_SIGN_STYLE = Automatic;
				INFOPLIST_FILE = CurrentLocationTests/Info.plist;
				LD_RUNPATH_SEARCH_PATHS = "$(inherited) @executable_path/Frameworks @loader_path/Frameworks";
				PRODUCT_BUNDLE_IDENTIFIER = pinglocation.CurrentLocationTests;
				PRODUCT_NAME = "$(TARGET_NAME)";
				SWIFT_VERSION = 4.0;
				TARGETED_DEVICE_FAMILY = "1,2";
				TEST_HOST = "$(BUILT_PRODUCTS_DIR)/CurrentLocation.app/CurrentLocation";
			};
			name = Release;
		};
		4B5F623D1F9952C600D82809 /* Debug */ = {
			isa = XCBuildConfiguration;
			buildSettings = {
				ALWAYS_EMBED_SWIFT_STANDARD_LIBRARIES = YES;
				CODE_SIGN_STYLE = Automatic;
				INFOPLIST_FILE = CurrentLocationUITests/Info.plist;
				LD_RUNPATH_SEARCH_PATHS = "$(inherited) @executable_path/Frameworks @loader_path/Frameworks";
				PRODUCT_BUNDLE_IDENTIFIER = pinglocation.CurrentLocationUITests;
				PRODUCT_NAME = "$(TARGET_NAME)";
				SWIFT_VERSION = 4.0;
				TARGETED_DEVICE_FAMILY = "1,2";
				TEST_TARGET_NAME = CurrentLocation;
			};
			name = Debug;
		};
		4B5F623E1F9952C600D82809 /* Release */ = {
			isa = XCBuildConfiguration;
			buildSettings = {
				ALWAYS_EMBED_SWIFT_STANDARD_LIBRARIES = YES;
				CODE_SIGN_STYLE = Automatic;
				INFOPLIST_FILE = CurrentLocationUITests/Info.plist;
				LD_RUNPATH_SEARCH_PATHS = "$(inherited) @executable_path/Frameworks @loader_path/Frameworks";
				PRODUCT_BUNDLE_IDENTIFIER = pinglocation.CurrentLocationUITests;
				PRODUCT_NAME = "$(TARGET_NAME)";
				SWIFT_VERSION = 4.0;
				TARGETED_DEVICE_FAMILY = "1,2";
				TEST_TARGET_NAME = CurrentLocation;
			};
			name = Release;
		};
/* End XCBuildConfiguration section */

/* Begin XCConfigurationList section */
		4B5F62091F9952C600D82809 /* Build configuration list for PBXProject "CurrentLocation" */ = {
			isa = XCConfigurationList;
			buildConfigurations = (
				4B5F62341F9952C600D82809 /* Debug */,
				4B5F62351F9952C600D82809 /* Release */,
			);
			defaultConfigurationIsVisible = 0;
			defaultConfigurationName = Release;
		};
		4B5F62361F9952C600D82809 /* Build configuration list for PBXNativeTarget "CurrentLocation" */ = {
			isa = XCConfigurationList;
			buildConfigurations = (
				4B5F62371F9952C600D82809 /* Debug */,
				4B5F62381F9952C600D82809 /* Release */,
			);
			defaultConfigurationIsVisible = 0;
			defaultConfigurationName = Release;
		};
		4B5F62391F9952C600D82809 /* Build configuration list for PBXNativeTarget "CurrentLocationTests" */ = {
			isa = XCConfigurationList;
			buildConfigurations = (
				4B5F623A1F9952C600D82809 /* Debug */,
				4B5F623B1F9952C600D82809 /* Release */,
			);
			defaultConfigurationIsVisible = 0;
			defaultConfigurationName = Release;
		};
		4B5F623C1F9952C600D82809 /* Build configuration list for PBXNativeTarget "CurrentLocationUITests" */ = {
			isa = XCConfigurationList;
			buildConfigurations = (
				4B5F623D1F9952C600D82809 /* Debug */,
				4B5F623E1F9952C600D82809 /* Release */,
			);
			defaultConfigurationIsVisible = 0;
			defaultConfigurationName = Release;
		};
/* End XCConfigurationList section */
	};
	rootObject = 4B5F62061F9952C600D82809 /* Project object */;
}
